<?xml version="1.0" encoding="utf-8"?>
<Project ToolsVersion="Current" xmlns="http://schemas.microsoft.com/developer/msbuild/2003">
  <ItemGroup>
    <ClCompile Include="$(MSBuildThisFileDirectory)yaApplication.cpp" />
    <ClCompile Include="$(MSBuildThisFileDirectory)yaGraphicsDevice_DX11.cpp" />
    <ClCompile Include="$(MSBuildThisFileDirectory)yaMath.cpp" />
  </ItemGroup>
  <ItemGroup>
    <ClInclude Include="$(MSBuildThisFileDirectory)CommonInclude.h" />
    <ClInclude Include="$(MSBuildThisFileDirectory)yaApplication.h" />
    <ClInclude Include="$(MSBuildThisFileDirectory)yaGraphics.h" />
    <ClInclude Include="$(MSBuildThisFileDirectory)yaGraphicsDevice.h" />
    <ClInclude Include="$(MSBuildThisFileDirectory)yaGraphicsDevice_DX11.h" />
    <ClInclude Include="$(MSBuildThisFileDirectory)yaMath.h" />
  </ItemGroup>
  <ItemGroup>
    <None Include="$(MSBuildThisFileDirectory)yaMath.inl" />
  </ItemGroup>
</Project>