<?xml version="1.0" encoding="utf-8"?>
<Project ToolsVersion="Current" xmlns="http://schemas.microsoft.com/developer/msbuild/2003">
  <ItemGroup>
    <ClCompile Include="$(MSBuildThisFileDirectory)yaApplication.cpp">
      <Filter>Engine\High Level Interface</Filter>
    </ClCompile>
    <ClCompile Include="$(MSBuildThisFileDirectory)yaGraphicsDevice_DX11.cpp">
      <Filter>Engine\Graphics\API</Filter>
    </ClCompile>
    <ClCompile Include="$(MSBuildThisFileDirectory)yaEntity.cpp">
      <Filter>Engine\GameObject</Filter>
    </ClCompile>
    <ClCompile Include="$(MSBuildThisFileDirectory)yaInput.cpp">
      <Filter>Engine\Helpers\Input</Filter>
    </ClCompile>
    <ClCompile Include="$(MSBuildThisFileDirectory)yaMath.cpp">
      <Filter>Engine\Helpers\Mathatics</Filter>
    </ClCompile>
    <ClCompile Include="$(MSBuildThisFileDirectory)yaTime.cpp">
      <Filter>Engine\Helpers\Time</Filter>
    </ClCompile>
    <ClCompile Include="$(MSBuildThisFileDirectory)yaResources.cpp">
      <Filter>Engine\Resource\Manager</Filter>
    </ClCompile>
    <ClCompile Include="$(MSBuildThisFileDirectory)yaResource.cpp">
      <Filter>Engine\Resource</Filter>
    </ClCompile>
    <ClCompile Include="$(MSBuildThisFileDirectory)yaShader.cpp">
      <Filter>Engine\Resource\Shader</Filter>
    </ClCompile>
    <ClCompile Include="$(MSBuildThisFileDirectory)yaMesh.cpp">
      <Filter>Engine\Resource\Mesh</Filter>
    </ClCompile>
    <ClCompile Include="$(MSBuildThisFileDirectory)yaScene.cpp">
      <Filter>Engine\Scene</Filter>
    </ClCompile>
    <ClCompile Include="$(MSBuildThisFileDirectory)yaLayer.cpp">
      <Filter>Engine\Scene</Filter>
    </ClCompile>
    <ClCompile Include="$(MSBuildThisFileDirectory)yaGameObject.cpp">
      <Filter>Engine\GameObject</Filter>
    </ClCompile>
    <ClCompile Include="$(MSBuildThisFileDirectory)yaComponent.cpp">
      <Filter>Engine\Component</Filter>
    </ClCompile>
    <ClCompile Include="$(MSBuildThisFileDirectory)yaTexture.cpp">
      <Filter>Engine\Resource\Texture</Filter>
    </ClCompile>
    <ClCompile Include="$(MSBuildThisFileDirectory)yaMaterial.cpp">
      <Filter>Engine\Resource\Material</Filter>
    </ClCompile>
    <ClCompile Include="$(MSBuildThisFileDirectory)yaTransform.cpp">
      <Filter>Engine\Component\Transform</Filter>
    </ClCompile>
    <ClCompile Include="$(MSBuildThisFileDirectory)yaScript.cpp">
      <Filter>Engine\Component\Script</Filter>
    </ClCompile>
    <ClCompile Include="$(MSBuildThisFileDirectory)yaMeshRenderer.cpp">
      <Filter>Engine\Component\Renderer\MeshRenderer</Filter>
    </ClCompile>
    <ClCompile Include="$(MSBuildThisFileDirectory)yaCamera.cpp">
      <Filter>Engine\Component\Camera</Filter>
    </ClCompile>
    <ClCompile Include="$(MSBuildThisFileDirectory)yaSpriteRenderer.cpp">
      <Filter>Engine\Component\Renderer\SpriteRenderer</Filter>
    </ClCompile>
    <ClCompile Include="$(MSBuildThisFileDirectory)yaGridScript.cpp">
      <Filter>Engine\Component\Script</Filter>
    </ClCompile>
    <ClCompile Include="$(MSBuildThisFileDirectory)yaSceneManager.cpp">
      <Filter>Engine\Scene\Manager</Filter>
    </ClCompile>
    <ClCompile Include="$(MSBuildThisFileDirectory)BaseRenderer.cpp">
      <Filter>Engine\Component\Renderer</Filter>
    </ClCompile>
    <ClCompile Include="$(MSBuildThisFileDirectory)yaRenderer.cpp">
      <Filter>Engine\Graphics</Filter>
    </ClCompile>
    <ClCompile Include="$(MSBuildThisFileDirectory)CollisionManager.cpp">
      <Filter>Engine\Component\Collider\Manager</Filter>
    </ClCompile>
    <ClCompile Include="$(MSBuildThisFileDirectory)yaPrefab.cpp">
      <Filter>Engine\Resource\Prefab</Filter>
    </ClCompile>
    <ClCompile Include="$(MSBuildThisFileDirectory)yaCollider.cpp">
      <Filter>Engine\Component\Collider</Filter>
    </ClCompile>
    <ClCompile Include="$(MSBuildThisFileDirectory)yaCollider2D.cpp">
      <Filter>Engine\Component\Collider\2D</Filter>
    </ClCompile>
    <ClCompile Include="$(MSBuildThisFileDirectory)yaAnimator.cpp">
      <Filter>Engine\Component\Animator</Filter>
    </ClCompile>
    <ClCompile Include="$(MSBuildThisFileDirectory)yaAnimation.cpp">
      <Filter>Engine\Component\Animator\Animation</Filter>
    </ClCompile>
    <ClCompile Include="$(MSBuildThisFileDirectory)yaPlayer.cpp">
      <Filter>Engine\Component\Script</Filter>
    </ClCompile>
    <ClCompile Include="$(MSBuildThisFileDirectory)yaCameraScript.cpp">
      <Filter>Engine\Component\Script</Filter>
    </ClCompile>
    <ClCompile Include="$(MSBuildThisFileDirectory)yaPlayScene.cpp">
      <Filter>Engine\Scene</Filter>
    </ClCompile>
    <ClCompile Include="$(MSBuildThisFileDirectory)yaTitleScene.cpp">
      <Filter>Engine\Scene</Filter>
    </ClCompile>
    <ClCompile Include="$(MSBuildThisFileDirectory)yaLight.cpp">
      <Filter>Engine\Component\Light</Filter>
    </ClCompile>
    <ClCompile Include="$(MSBuildThisFileDirectory)yaConstantBuffer.cpp">
      <Filter>Engine\Graphics\ShaderResource</Filter>
    </ClCompile>
    <ClCompile Include="$(MSBuildThisFileDirectory)yaStructedBuffer.cpp">
      <Filter>Engine\Graphics\ShaderResource</Filter>
    </ClCompile>
    <ClCompile Include="$(MSBuildThisFileDirectory)yaPaintShader.cpp">
      <Filter>Engine\Resource\Shader\CS</Filter>
    </ClCompile>
    <ClCompile Include="$(MSBuildThisFileDirectory)ParticleSystem.cpp">
      <Filter>Engine\Component\ParticleSystem</Filter>
    </ClCompile>
    <ClCompile Include="$(MSBuildThisFileDirectory)yaComputeShader.cpp">
      <Filter>Engine\Resource\Shader\CS\Base</Filter>
    </ClCompile>
    <ClCompile Include="$(MSBuildThisFileDirectory)yaParticleShader.cpp">
      <Filter>Engine\Resource\Shader\CS</Filter>
    </ClCompile>
    <ClCompile Include="$(MSBuildThisFileDirectory)yaEnums.cpp">
      <Filter>Engine\Common</Filter>
    </ClCompile>
  </ItemGroup>
  <ItemGroup>
    <ClInclude Include="$(MSBuildThisFileDirectory)yaApplication.h">
      <Filter>Engine\High Level Interface</Filter>
    </ClInclude>
    <ClInclude Include="$(MSBuildThisFileDirectory)yaGraphicsDevice_DX11.h">
      <Filter>Engine\Graphics\API</Filter>
    </ClInclude>
    <ClInclude Include="$(MSBuildThisFileDirectory)yaGraphicsDevice.h">
      <Filter>Engine\Graphics\API</Filter>
    </ClInclude>
    <ClInclude Include="$(MSBuildThisFileDirectory)yaGraphics.h">
      <Filter>Engine\Graphics\API</Filter>
    </ClInclude>
    <ClInclude Include="$(MSBuildThisFileDirectory)CommonInclude.h">
      <Filter>Engine\Common</Filter>
    </ClInclude>
    <ClInclude Include="$(MSBuildThisFileDirectory)YamYamEngine.h">
      <Filter>Engine\Common</Filter>
    </ClInclude>
    <ClInclude Include="$(MSBuildThisFileDirectory)yaEntity.h">
      <Filter>Engine\GameObject</Filter>
    </ClInclude>
    <ClInclude Include="$(MSBuildThisFileDirectory)yaInput.h">
      <Filter>Engine\Helpers\Input</Filter>
    </ClInclude>
    <ClInclude Include="$(MSBuildThisFileDirectory)yaMath.h">
      <Filter>Engine\Helpers\Mathatics</Filter>
    </ClInclude>
    <ClInclude Include="$(MSBuildThisFileDirectory)yaTime.h">
      <Filter>Engine\Helpers\Time</Filter>
    </ClInclude>
    <ClInclude Include="$(MSBuildThisFileDirectory)yaResources.h">
      <Filter>Engine\Resource\Manager</Filter>
    </ClInclude>
    <ClInclude Include="$(MSBuildThisFileDirectory)yaResource.h">
      <Filter>Engine\Resource</Filter>
    </ClInclude>
    <ClInclude Include="$(MSBuildThisFileDirectory)yaCanvas.h">
      <Filter>Engine\System</Filter>
    </ClInclude>
    <ClInclude Include="$(MSBuildThisFileDirectory)yaEnums.h">
      <Filter>Engine\Common</Filter>
    </ClInclude>
    <ClInclude Include="$(MSBuildThisFileDirectory)yaShader.h">
      <Filter>Engine\Resource\Shader</Filter>
    </ClInclude>
    <ClInclude Include="$(MSBuildThisFileDirectory)yaMesh.h">
      <Filter>Engine\Resource\Mesh</Filter>
    </ClInclude>
    <ClInclude Include="$(MSBuildThisFileDirectory)yaScene.h">
      <Filter>Engine\Scene</Filter>
    </ClInclude>
    <ClInclude Include="$(MSBuildThisFileDirectory)yaLayer.h">
      <Filter>Engine\Scene</Filter>
    </ClInclude>
    <ClInclude Include="$(MSBuildThisFileDirectory)yaGameObject.h">
      <Filter>Engine\GameObject</Filter>
    </ClInclude>
    <ClInclude Include="$(MSBuildThisFileDirectory)yaComponent.h">
      <Filter>Engine\Component</Filter>
    </ClInclude>
    <ClInclude Include="$(MSBuildThisFileDirectory)yaTexture.h">
      <Filter>Engine\Resource\Texture</Filter>
    </ClInclude>
    <ClInclude Include="$(MSBuildThisFileDirectory)yaMaterial.h">
      <Filter>Engine\Resource\Material</Filter>
    </ClInclude>
    <ClInclude Include="$(MSBuildThisFileDirectory)yaTransform.h">
      <Filter>Engine\Component\Transform</Filter>
    </ClInclude>
    <ClInclude Include="$(MSBuildThisFileDirectory)yaScript.h">
      <Filter>Engine\Component\Script</Filter>
    </ClInclude>
    <ClInclude Include="$(MSBuildThisFileDirectory)yaMeshRenderer.h">
      <Filter>Engine\Component\Renderer\MeshRenderer</Filter>
    </ClInclude>
    <ClInclude Include="$(MSBuildThisFileDirectory)yaCamera.h">
      <Filter>Engine\Component\Camera</Filter>
    </ClInclude>
    <ClInclude Include="$(MSBuildThisFileDirectory)yaSpriteRenderer.h">
      <Filter>Engine\Component\Renderer\SpriteRenderer</Filter>
    </ClInclude>
    <ClInclude Include="$(MSBuildThisFileDirectory)yaGridScript.h">
      <Filter>Engine\Component\Script</Filter>
    </ClInclude>
    <ClInclude Include="$(MSBuildThisFileDirectory)yaSceneManager.h">
      <Filter>Engine\Scene\Manager</Filter>
    </ClInclude>
    <ClInclude Include="$(MSBuildThisFileDirectory)yaObject.h">
      <Filter>Engine\GameObject</Filter>
    </ClInclude>
    <ClInclude Include="$(MSBuildThisFileDirectory)BaseRenderer.h">
      <Filter>Engine\Component\Renderer</Filter>
    </ClInclude>
    <ClInclude Include="$(MSBuildThisFileDirectory)yaRenderer.h">
      <Filter>Engine\Graphics</Filter>
    </ClInclude>
    <ClInclude Include="$(MSBuildThisFileDirectory)CollisionManager.h">
      <Filter>Engine\Component\Collider\Manager</Filter>
    </ClInclude>
    <ClInclude Include="$(MSBuildThisFileDirectory)yaPrefab.h">
      <Filter>Engine\Resource\Prefab</Filter>
    </ClInclude>
    <ClInclude Include="$(MSBuildThisFileDirectory)yaCollider.h">
      <Filter>Engine\Component\Collider</Filter>
    </ClInclude>
    <ClInclude Include="$(MSBuildThisFileDirectory)yaCollider2D.h">
      <Filter>Engine\Component\Collider\2D</Filter>
    </ClInclude>
    <ClInclude Include="$(MSBuildThisFileDirectory)yaAnimator.h">
      <Filter>Engine\Component\Animator</Filter>
    </ClInclude>
    <ClInclude Include="$(MSBuildThisFileDirectory)yaAnimation.h">
      <Filter>Engine\Component\Animator\Animation</Filter>
    </ClInclude>
    <ClInclude Include="$(MSBuildThisFileDirectory)yaPlayer.h">
      <Filter>Engine\Component\Script</Filter>
    </ClInclude>
    <ClInclude Include="$(MSBuildThisFileDirectory)yaCameraScript.h">
      <Filter>Engine\Component\Script</Filter>
    </ClInclude>
    <ClInclude Include="$(MSBuildThisFileDirectory)yaPlayScene.h">
      <Filter>Engine\Scene</Filter>
    </ClInclude>
    <ClInclude Include="$(MSBuildThisFileDirectory)yaTitleScene.h">
      <Filter>Engine\Scene</Filter>
    </ClInclude>
    <ClInclude Include="$(MSBuildThisFileDirectory)yaLight.h">
      <Filter>Engine\Component\Light</Filter>
    </ClInclude>
    <ClInclude Include="$(MSBuildThisFileDirectory)yaConstantBuffer.h">
      <Filter>Engine\Graphics\ShaderResource</Filter>
    </ClInclude>
    <ClInclude Include="$(MSBuildThisFileDirectory)yaStructedBuffer.h">
      <Filter>Engine\Graphics\ShaderResource</Filter>
    </ClInclude>
    <ClInclude Include="$(MSBuildThisFileDirectory)yaPaintShader.h">
      <Filter>Engine\Resource\Shader\CS</Filter>
    </ClInclude>
    <ClInclude Include="$(MSBuildThisFileDirectory)ParticleSystem.h">
      <Filter>Engine\Component\ParticleSystem</Filter>
    </ClInclude>
    <ClInclude Include="$(MSBuildThisFileDirectory)yaComputeShader.h">
      <Filter>Engine\Resource\Shader\CS\Base</Filter>
    </ClInclude>
    <ClInclude Include="$(MSBuildThisFileDirectory)yaParticleShader.h">
      <Filter>Engine\Resource\Shader\CS</Filter>
    </ClInclude>
  </ItemGroup>
  <ItemGroup>
    <Filter Include="Engine">
      <UniqueIdentifier>{7b71e4d8-2b7e-4146-86c7-afa0ed3e1e1a}</UniqueIdentifier>
    </Filter>
    <Filter Include="Engine\Graphics">
      <UniqueIdentifier>{ba411f11-b382-4ffc-9281-12da87f4722d}</UniqueIdentifier>
    </Filter>
    <Filter Include="Engine\Graphics\API">
      <UniqueIdentifier>{111c76db-44cf-403a-8933-3cece11b5e2c}</UniqueIdentifier>
    </Filter>
    <Filter Include="Engine\Common">
      <UniqueIdentifier>{fe4017da-58ad-426c-b385-1f8b1e5c9b03}</UniqueIdentifier>
    </Filter>
    <Filter Include="Engine\High Level Interface">
      <UniqueIdentifier>{4041cab7-b30b-4552-bf73-abfa6622fae2}</UniqueIdentifier>
    </Filter>
    <Filter Include="Engine\Helpers">
      <UniqueIdentifier>{9fdedd2a-aa63-4289-a2ce-7195e325afb0}</UniqueIdentifier>
    </Filter>
    <Filter Include="Engine\GameObject">
      <UniqueIdentifier>{9439ecaf-bd1a-48b5-ac3c-db4c52e22093}</UniqueIdentifier>
    </Filter>
    <Filter Include="Engine\Resource">
      <UniqueIdentifier>{3d8bd53a-322f-4862-aa5d-dab0c7f11cc6}</UniqueIdentifier>
    </Filter>
    <Filter Include="Engine\Resource\Manager">
      <UniqueIdentifier>{4862b81e-4812-4d31-919c-253f4c3c3b95}</UniqueIdentifier>
    </Filter>
    <Filter Include="Engine\Helpers\Input">
      <UniqueIdentifier>{62776dcb-f415-43bd-b4f2-d9c63ad555cf}</UniqueIdentifier>
    </Filter>
    <Filter Include="Engine\Helpers\Mathatics">
      <UniqueIdentifier>{d8183794-e4b2-4150-b01c-a9b0831d5289}</UniqueIdentifier>
    </Filter>
    <Filter Include="Engine\Helpers\Time">
      <UniqueIdentifier>{26558a95-fe7d-47cc-abf7-6eaa2315c9fe}</UniqueIdentifier>
    </Filter>
    <Filter Include="Engine\System">
      <UniqueIdentifier>{eeee1bf7-a8b5-4a2d-b106-e91c5cd70f95}</UniqueIdentifier>
    </Filter>
    <Filter Include="Engine\Resource\Shader">
      <UniqueIdentifier>{04e1c534-a4af-4ea6-ba89-027a9e185ea6}</UniqueIdentifier>
    </Filter>
    <Filter Include="Engine\Resource\Mesh">
      <UniqueIdentifier>{f3e4deef-3bce-45a8-ab9d-c97f12d034ab}</UniqueIdentifier>
    </Filter>
    <Filter Include="Engine\Scene">
      <UniqueIdentifier>{21ceee4e-7d5b-45e5-9b6e-cab90b62b307}</UniqueIdentifier>
    </Filter>
    <Filter Include="Engine\Component">
      <UniqueIdentifier>{bd404344-8200-434d-9075-871fa03ca54c}</UniqueIdentifier>
    </Filter>
    <Filter Include="Engine\Resource\Texture">
      <UniqueIdentifier>{3694f62d-609d-46c0-b959-6310920cc092}</UniqueIdentifier>
    </Filter>
    <Filter Include="Engine\Resource\Material">
      <UniqueIdentifier>{b915aa7b-a884-443a-9338-470175ce6d5d}</UniqueIdentifier>
    </Filter>
    <Filter Include="Engine\Component\Transform">
      <UniqueIdentifier>{a72c7b08-12a0-4909-86ae-844286948979}</UniqueIdentifier>
    </Filter>
    <Filter Include="Engine\Component\Script">
      <UniqueIdentifier>{4412f5a1-c134-466a-97bc-56d1ae2e79fb}</UniqueIdentifier>
    </Filter>
    <Filter Include="Engine\Component\Camera">
      <UniqueIdentifier>{50b6cb47-5eed-4430-948d-b2b85f403db2}</UniqueIdentifier>
    </Filter>
    <Filter Include="Engine\Component\Renderer">
      <UniqueIdentifier>{03cee246-2fad-405d-b0fd-0ed758b015bf}</UniqueIdentifier>
    </Filter>
    <Filter Include="Engine\Component\Renderer\MeshRenderer">
      <UniqueIdentifier>{792f58fc-503f-45e5-9c80-9ffa2c6f1567}</UniqueIdentifier>
    </Filter>
    <Filter Include="Engine\Component\Renderer\SpriteRenderer">
      <UniqueIdentifier>{43942dea-ee5d-4fb9-8bad-105ee916a7db}</UniqueIdentifier>
    </Filter>
    <Filter Include="Engine\Scene\Manager">
      <UniqueIdentifier>{988360c6-281d-466a-a149-e2910cd44483}</UniqueIdentifier>
    </Filter>
    <Filter Include="Engine\Component\Collider">
      <UniqueIdentifier>{095e87b7-421c-4aee-a5ba-44f62ef10f88}</UniqueIdentifier>
    </Filter>
    <Filter Include="Engine\Component\Collider\Manager">
      <UniqueIdentifier>{2c5b5ba8-dfa7-430c-b54d-d4cd8b34269d}</UniqueIdentifier>
    </Filter>
    <Filter Include="Engine\Resource\Prefab">
      <UniqueIdentifier>{c26583a7-dbfe-4802-a0db-ec1207ef2d13}</UniqueIdentifier>
    </Filter>
    <Filter Include="Engine\Component\Collider\2D">
      <UniqueIdentifier>{980d5cf9-c7b8-4f37-ac77-0b40c2ffd403}</UniqueIdentifier>
    </Filter>
    <Filter Include="Engine\Component\Collider\3D">
      <UniqueIdentifier>{cc1e8689-b32e-4a85-b4a7-34e3c589bab5}</UniqueIdentifier>
    </Filter>
    <Filter Include="Engine\Component\Animator">
      <UniqueIdentifier>{2f09821c-5d60-4b80-ae38-026c1c7d2005}</UniqueIdentifier>
    </Filter>
    <Filter Include="Engine\Component\Animator\Animation">
      <UniqueIdentifier>{72aae49e-99db-47f9-a2df-4fd965099983}</UniqueIdentifier>
    </Filter>
    <Filter Include="Engine\Component\Light">
      <UniqueIdentifier>{166cf2c0-16ec-4bba-8005-f3348be225e2}</UniqueIdentifier>
    </Filter>
    <Filter Include="Engine\Graphics\ShaderResource">
      <UniqueIdentifier>{32562413-b376-4c64-a376-34991c1d2c4d}</UniqueIdentifier>
    </Filter>
    <Filter Include="Engine\Resource\Shader\CS">
      <UniqueIdentifier>{5ae10f79-06eb-4ce0-b3fe-91437fea72b4}</UniqueIdentifier>
    </Filter>
    <Filter Include="Engine\Component\ParticleSystem">
      <UniqueIdentifier>{d5ffb354-86ab-4b59-aae9-9fa4da4380ae}</UniqueIdentifier>
    </Filter>
    <Filter Include="Engine\Resource\Shader\CS\Base">
      <UniqueIdentifier>{b18113bd-9d94-4d5a-9f7f-82fcbfd54629}</UniqueIdentifier>
    </Filter>
  </ItemGroup>
</Project>