<?xml version="1.0" encoding="utf-8"?>
<Project ToolsVersion="4.0" xmlns="http://schemas.microsoft.com/developer/msbuild/2003">
  <ItemGroup>
    <Filter Include="Script">
      <UniqueIdentifier>{a945a4b3-2925-4af0-a80d-cf87256ddf90}</UniqueIdentifier>
    </Filter>
    <Filter Include="Scene">
      <UniqueIdentifier>{ea5b8989-9e4a-47ba-b95a-584a0375dd51}</UniqueIdentifier>
    </Filter>
  </ItemGroup>
  <ItemGroup>
    <ClInclude Include="..\YamYamEngine_SOURCE\yaPlayer.h">
      <Filter>Script</Filter>
    </ClInclude>
    <ClInclude Include="..\YamYamEngine_SOURCE\yaCameraScript.h">
      <Filter>Script</Filter>
    </ClInclude>
    <ClInclude Include="..\YamYamEngine_SOURCE\yaGridScript.h">
      <Filter>Script</Filter>
    </ClInclude>
    <ClInclude Include="..\YamYamEngine_SOURCE\yaTitleScene.h">
      <Filter>Scene</Filter>
    </ClInclude>
    <ClInclude Include="..\YamYamEngine_SOURCE\yaPlayScene.h">
      <Filter>Scene</Filter>
    </ClInclude>
  </ItemGroup>
  <ItemGroup>
    <ClCompile Include="..\YamYamEngine_SOURCE\yaCameraScript.cpp">
      <Filter>Script</Filter>
    </ClCompile>
    <ClCompile Include="..\YamYamEngine_SOURCE\yaGridScript.cpp">
      <Filter>Script</Filter>
    </ClCompile>
    <ClCompile Include="..\YamYamEngine_SOURCE\yaPlayer.cpp">
      <Filter>Script</Filter>
    </ClCompile>
    <ClCompile Include="..\YamYamEngine_SOURCE\yaTitleScene.cpp">
      <Filter>Scene</Filter>
    </ClCompile>
    <ClCompile Include="..\YamYamEngine_SOURCE\yaPlayScene.cpp">
      <Filter>Scene</Filter>
    </ClCompile>
  </ItemGroup>
</Project>